
Microsoft Visual Studio Solution File, Format Version 12.00
# Visual Studio 14
VisualStudioVersion = 14.0.25123.0
MinimumVisualStudioVersion = 10.0.40219.1
Project("{FAE04EC0-301F-11D3-BF4B-00C04F79EFBC}") = "PersistantStorage", "PersistantStorage\PersistantStorage.csproj", "{9251A80A-6FE5-4163-B6A1-9F1563C6EC5C}"
EndProject
Project("{FAE04EC0-301F-11D3-BF4B-00C04F79EFBC}") = "PersistantStorageTest", "PersistantStorageTest\PersistantStorageTest.csproj", "{CCD5B2FA-2EA6-4D0C-9325-727A992AEDB4}"
EndProject
Global
	GlobalSection(SolutionConfigurationPlatforms) = preSolution
		Debug|Any CPU = Debug|Any CPU
		Release|Any CPU = Release|Any CPU
	EndGlobalSection
	GlobalSection(ProjectConfigurationPlatforms) = postSolution
		{9251A80A-6FE5-4163-B6A1-9F1563C6EC5C}.Debug|Any CPU.ActiveCfg = Debug|Any CPU
		{9251A80A-6FE5-4163-B6A1-9F1563C6EC5C}.Debug|Any CPU.Build.0 = Debug|Any CPU
		{9251A80A-6FE5-4163-B6A1-9F1563C6EC5C}.Release|Any CPU.ActiveCfg = Release|Any CPU
		{9251A80A-6FE5-4163-B6A1-9F1563C6EC5C}.Release|Any CPU.Build.0 = Release|Any CPU
		{CCD5B2FA-2EA6-4D0C-9325-727A992AEDB4}.Debug|Any CPU.ActiveCfg = Debug|Any CPU
		{CCD5B2FA-2EA6-4D0C-9325-727A992AEDB4}.Debug|Any CPU.Build.0 = Debug|Any CPU
		{CCD5B2FA-2EA6-4D0C-9325-727A992AEDB4}.Release|Any CPU.ActiveCfg = Release|Any CPU
		{CCD5B2FA-2EA6-4D0C-9325-727A992AEDB4}.Release|Any CPU.Build.0 = Release|Any CPU
	EndGlobalSection
	GlobalSection(SolutionProperties) = preSolution
		HideSolutionNode = FALSE
	EndGlobalSection
EndGlobal
